
Microsoft Visual Studio Solution File, Format Version 12.00
# Visual Studio Version 17
VisualStudioVersion = 17.13.35919.96 d17.13
MinimumVisualStudioVersion = 10.0.40219.1
Project("{FAE04EC0-301F-11D3-BF4B-00C04F79EFBC}") = "VolunteerManagementSystem", "VolunteerManagementSystem.csproj", "{A7823B0F-DC88-4088-AEA3-CD613F693625}"
EndProject
Global
	GlobalSection(SolutionConfigurationPlatforms) = preSolution
		Debug|Any CPU = Debug|Any CPU
		Release|Any CPU = Release|Any CPU
	EndGlobalSection
	GlobalSection(ProjectConfigurationPlatforms) = postSolution
		{A7823B0F-DC88-4088-AEA3-CD613F693625}.Debug|Any CPU.ActiveCfg = Debug|Any CPU
		{A7823B0F-DC88-4088-AEA3-CD613F693625}.Debug|Any CPU.Build.0 = Debug|Any CPU
		{A7823B0F-DC88-4088-AEA3-CD613F693625}.Release|Any CPU.ActiveCfg = Release|Any CPU
		{A7823B0F-DC88-4088-AEA3-CD613F693625}.Release|Any CPU.Build.0 = Release|Any CPU
	EndGlobalSection
	GlobalSection(SolutionProperties) = preSolution
		HideSolutionNode = FALSE
	EndGlobalSection
	GlobalSection(ExtensibilityGlobals) = postSolution
		SolutionGuid = {23441CAD-96C5-4EC3-A203-B220BD151746}
	EndGlobalSection
EndGlobal
